
Microsoft Visual Studio Solution File, Format Version 12.00
# Visual Studio Version 17
VisualStudioVersion = 17.5.33516.290
MinimumVisualStudioVersion = 10.0.40219.1
Project("{FAE04EC0-301F-11D3-BF4B-00C04F79EFBC}") = "MvcCoreAppExam", "MvcCoreAppExam\MvcCoreAppExam.csproj", "{435A513E-1A12-447F-87E8-1CA1CFEC81B3}"
EndProject
Global
	GlobalSection(SolutionConfigurationPlatforms) = preSolution
		Debug|Any CPU = Debug|Any CPU
		Release|Any CPU = Release|Any CPU
	EndGlobalSection
	GlobalSection(ProjectConfigurationPlatforms) = postSolution
		{435A513E-1A12-447F-87E8-1CA1CFEC81B3}.Debug|Any CPU.ActiveCfg = Debug|Any CPU
		{435A513E-1A12-447F-87E8-1CA1CFEC81B3}.Debug|Any CPU.Build.0 = Debug|Any CPU
		{435A513E-1A12-447F-87E8-1CA1CFEC81B3}.Release|Any CPU.ActiveCfg = Release|Any CPU
		{435A513E-1A12-447F-87E8-1CA1CFEC81B3}.Release|Any CPU.Build.0 = Release|Any CPU
	EndGlobalSection
	GlobalSection(SolutionProperties) = preSolution
		HideSolutionNode = FALSE
	EndGlobalSection
	GlobalSection(ExtensibilityGlobals) = postSolution
		SolutionGuid = {18FFA2B0-1399-4838-8275-F53963876F40}
	EndGlobalSection
EndGlobal
